
Microsoft Visual Studio Solution File, Format Version 12.00
# Visual Studio Version 17
VisualStudioVersion = 17.5.33103.201
MinimumVisualStudioVersion = 10.0.40219.1
Project("{9A19103F-16F7-4668-BE54-9A1E7A4F7556}") = "WinUILib1", "WinUILib1.csproj", "{1C560DC6-4D31-42CC-9BFE-520100689835}"
EndProject
Global
	GlobalSection(SolutionConfigurationPlatforms) = preSolution
		Debug|arm64 = Debug|arm64
		Debug|x64 = Debug|x64
		Debug|x86 = Debug|x86
		Release|arm64 = Release|arm64
		Release|x64 = Release|x64
		Release|x86 = Release|x86
	EndGlobalSection
	GlobalSection(ProjectConfigurationPlatforms) = postSolution
		{1C560DC6-4D31-42CC-9BFE-520100689835}.Debug|arm64.ActiveCfg = Debug|Any CPU
		{1C560DC6-4D31-42CC-9BFE-520100689835}.Debug|arm64.Build.0 = Debug|Any CPU
		{1C560DC6-4D31-42CC-9BFE-520100689835}.Debug|x64.ActiveCfg = Debug|Any CPU
		{1C560DC6-4D31-42CC-9BFE-520100689835}.Debug|x64.Build.0 = Debug|Any CPU
		{1C560DC6-4D31-42CC-9BFE-520100689835}.Debug|x86.ActiveCfg = Debug|Any CPU
		{1C560DC6-4D31-42CC-9BFE-520100689835}.Debug|x86.Build.0 = Debug|Any CPU
		{1C560DC6-4D31-42CC-9BFE-520100689835}.Release|arm64.ActiveCfg = Release|Any CPU
		{1C560DC6-4D31-42CC-9BFE-520100689835}.Release|arm64.Build.0 = Release|Any CPU
		{1C560DC6-4D31-42CC-9BFE-520100689835}.Release|x64.ActiveCfg = Release|Any CPU
		{1C560DC6-4D31-42CC-9BFE-520100689835}.Release|x64.Build.0 = Release|Any CPU
		{1C560DC6-4D31-42CC-9BFE-520100689835}.Release|x86.ActiveCfg = Release|Any CPU
		{1C560DC6-4D31-42CC-9BFE-520100689835}.Release|x86.Build.0 = Release|Any CPU
	EndGlobalSection
	GlobalSection(SolutionProperties) = preSolution
		HideSolutionNode = FALSE
	EndGlobalSection
	GlobalSection(ExtensibilityGlobals) = postSolution
		SolutionGuid = {A98860A8-7DB8-4672-A24E-CC7C12A7656B}
	EndGlobalSection
EndGlobal
